
Microsoft Visual Studio Solution File, Format Version 12.00
# Visual Studio Version 17
VisualStudioVersion = 17.2.32516.85
MinimumVisualStudioVersion = 10.0.40219.1
Project("{FAE04EC0-301F-11D3-BF4B-00C04F79EFBC}") = "BNR.Core", "BNR.Core\BNR.Core.csproj", "{24E40C6A-1737-4A10-8E65-CD99D6FA825B}"
EndProject
Project("{FAE04EC0-301F-11D3-BF4B-00C04F79EFBC}") = "BNR.Core.TestConsole", "BNR.Core.TestConsole\BNR.Core.TestConsole.csproj", "{49BF0166-2FB2-4319-8E28-DC2E9CD5F182}"
EndProject
Global
	GlobalSection(SolutionConfigurationPlatforms) = preSolution
		Debug|Any CPU = Debug|Any CPU
		Release|Any CPU = Release|Any CPU
	EndGlobalSection
	GlobalSection(ProjectConfigurationPlatforms) = postSolution
		{24E40C6A-1737-4A10-8E65-CD99D6FA825B}.Debug|Any CPU.ActiveCfg = Debug|Any CPU
		{24E40C6A-1737-4A10-8E65-CD99D6FA825B}.Debug|Any CPU.Build.0 = Debug|Any CPU
		{24E40C6A-1737-4A10-8E65-CD99D6FA825B}.Release|Any CPU.ActiveCfg = Release|Any CPU
		{24E40C6A-1737-4A10-8E65-CD99D6FA825B}.Release|Any CPU.Build.0 = Release|Any CPU
		{49BF0166-2FB2-4319-8E28-DC2E9CD5F182}.Debug|Any CPU.ActiveCfg = Debug|Any CPU
		{49BF0166-2FB2-4319-8E28-DC2E9CD5F182}.Debug|Any CPU.Build.0 = Debug|Any CPU
		{49BF0166-2FB2-4319-8E28-DC2E9CD5F182}.Release|Any CPU.ActiveCfg = Release|Any CPU
		{49BF0166-2FB2-4319-8E28-DC2E9CD5F182}.Release|Any CPU.Build.0 = Release|Any CPU
	EndGlobalSection
	GlobalSection(SolutionProperties) = preSolution
		HideSolutionNode = FALSE
	EndGlobalSection
	GlobalSection(ExtensibilityGlobals) = postSolution
		SolutionGuid = {24A4FD51-0537-497B-BE4D-05E8BF1F0A8D}
	EndGlobalSection
EndGlobal
